# This file is automatically @generated by Cargo.
# It is not intended for manual editing.
version = 3

[[package]]
name = "anyhow"
version = "1.0.69"
source = "registry+https://github.com/rust-lang/crates.io-index"
checksum = "224afbd727c3d6e4b90103ece64b8d1b67fbb1973b1046c2281eed3f3803f800"

[[package]]
name = "autocfg"
version = "1.1.0"
source = "registry+https://github.com/rust-lang/crates.io-index"
checksum = "d468802bab17cbc0cc575e9b053f41e72aa36bfa6b7f55e3529ffa43161b97fa"

[[package]]
name = "bitflags"
version = "1.3.2"
source = "registry+https://github.com/rust-lang/crates.io-index"
checksum = "bef38d45163c2f1dde094a7dfd33ccf595c92905c8f8f4fdc18d06fb1037718a"

[[package]]
name = "cfg-if"
version = "1.0.0"
source = "registry+https://github.com/rust-lang/crates.io-index"
checksum = "baf1de4339761588bc0619e3cbc0120ee582ebb74b53b4efbf79117bd2da40fd"

[[package]]
name = "form_urlencoded"
version = "1.1.0"
source = "registry+https://github.com/rust-lang/crates.io-index"
checksum = "a9c384f161156f5260c24a097c56119f9be8c798586aecc13afbcbe7b7e26bf8"
dependencies = [
 "percent-encoding",
]

[[package]]
name = "hashbrown"
version = "0.12.3"
source = "registry+https://github.com/rust-lang/crates.io-index"
checksum = "8a9ee70c43aaf417c914396645a0fa852624801b24ebb7ae78fe8272889ac888"

[[package]]
name = "heck"
version = "0.4.1"
source = "registry+https://github.com/rust-lang/crates.io-index"
checksum = "95505c38b4572b2d910cecb0281560f54b440a19336cbbcb27bf6ce6adc6f5a8"
dependencies = [
 "unicode-segmentation",
]

[[package]]
name = "id-arena"
version = "2.2.1"
source = "registry+https://github.com/rust-lang/crates.io-index"
checksum = "25a2bc672d1148e28034f176e01fffebb08b35768468cc954630da77a1449005"

[[package]]
name = "idna"
version = "0.3.0"
source = "registry+https://github.com/rust-lang/crates.io-index"
checksum = "e14ddfc70884202db2244c223200c204c2bda1bc6e0998d11b5e024d657209e6"
dependencies = [
 "unicode-bidi",
 "unicode-normalization",
]

[[package]]
name = "indexmap"
version = "1.9.2"
source = "registry+https://github.com/rust-lang/crates.io-index"
checksum = "1885e79c1fc4b10f0e172c475f458b7f7b93061064d98c3293e98c5ba0c8b399"
dependencies = [
 "autocfg",
 "hashbrown",
 "serde",
]

[[package]]
name = "leb128"
version = "0.2.5"
source = "registry+https://github.com/rust-lang/crates.io-index"
checksum = "884e2677b40cc8c339eaefcb701c32ef1fd2493d71118dc0ca4b6a736c93bd67"

[[package]]
name = "log"
version = "0.4.17"
source = "registry+https://github.com/rust-lang/crates.io-index"
checksum = "abb12e687cfb44aa40f41fc3978ef76448f9b6038cad6aef4259d3c095a2382e"
dependencies = [
 "cfg-if",
]

[[package]]
name = "memchr"
version = "2.5.0"
source = "registry+https://github.com/rust-lang/crates.io-index"
checksum = "2dffe52ecf27772e601905b7522cb4ef790d2cc203488bbd0e2fe85fcb74566d"

[[package]]
name = "percent-encoding"
version = "2.2.0"
source = "registry+https://github.com/rust-lang/crates.io-index"
checksum = "478c572c3d73181ff3c2539045f6eb99e5491218eae919370993b890cdbdd98e"

[[package]]
name = "proc-macro2"
version = "1.0.51"
source = "registry+https://github.com/rust-lang/crates.io-index"
checksum = "5d727cae5b39d21da60fa540906919ad737832fe0b1c165da3a34d6548c849d6"
dependencies = [
 "unicode-ident",
]

[[package]]
name = "pulldown-cmark"
version = "0.8.0"
source = "registry+https://github.com/rust-lang/crates.io-index"
checksum = "ffade02495f22453cd593159ea2f59827aae7f53fa8323f756799b670881dcf8"
dependencies = [
 "bitflags",
 "memchr",
 "unicase",
]

[[package]]
name = "quote"
version = "1.0.23"
source = "registry+https://github.com/rust-lang/crates.io-index"
checksum = "8856d8364d252a14d474036ea1358d63c9e6965c8e5c1885c18f73d70bff9c7b"
dependencies = [
 "proc-macro2",
]

[[package]]
name = "rust-bootstrap"
version = "0.1.0"
dependencies = [
 "wasm-bpf-binding",
 "wit-bindgen",
]

[[package]]
name = "serde"
version = "1.0.152"
source = "registry+https://github.com/rust-lang/crates.io-index"
checksum = "bb7d1f0d3021d347a83e556fc4683dea2ea09d87bccdf88ff5c12545d89d5efb"
dependencies = [
 "serde_derive",
]

[[package]]
name = "serde_derive"
version = "1.0.152"
source = "registry+https://github.com/rust-lang/crates.io-index"
checksum = "af487d118eecd09402d70a5d72551860e788df87b464af30e5ea6a38c75c541e"
dependencies = [
 "proc-macro2",
 "quote",
 "syn",
]

[[package]]
name = "syn"
version = "1.0.107"
source = "registry+https://github.com/rust-lang/crates.io-index"
checksum = "1f4064b5b16e03ae50984a5a8ed5d4f8803e6bc1fd170a3cda91a1be4b18e3f5"
dependencies = [
 "proc-macro2",
 "quote",
 "unicode-ident",
]

[[package]]
name = "tinyvec"
version = "1.6.0"
source = "registry+https://github.com/rust-lang/crates.io-index"
checksum = "87cc5ceb3875bb20c2890005a4e226a4651264a5c75edb2421b52861a0a0cb50"
dependencies = [
 "tinyvec_macros",
]

[[package]]
name = "tinyvec_macros"
version = "0.1.1"
source = "registry+https://github.com/rust-lang/crates.io-index"
checksum = "1f3ccbac311fea05f86f61904b462b55fb3df8837a366dfc601a0161d0532f20"

[[package]]
name = "unicase"
version = "2.6.0"
source = "registry+https://github.com/rust-lang/crates.io-index"
checksum = "50f37be617794602aabbeee0be4f259dc1778fabe05e2d67ee8f79326d5cb4f6"
dependencies = [
 "version_check",
]

[[package]]
name = "unicode-bidi"
version = "0.3.10"
source = "registry+https://github.com/rust-lang/crates.io-index"
checksum = "d54675592c1dbefd78cbd98db9bacd89886e1ca50692a0692baefffdeb92dd58"

[[package]]
name = "unicode-ident"
version = "1.0.6"
source = "registry+https://github.com/rust-lang/crates.io-index"
checksum = "84a22b9f218b40614adcb3f4ff08b703773ad44fa9423e4e0d346d5db86e4ebc"

[[package]]
name = "unicode-normalization"
version = "0.1.22"
source = "registry+https://github.com/rust-lang/crates.io-index"
checksum = "5c5713f0fc4b5db668a2ac63cdb7bb4469d8c9fed047b1d0292cc7b0ce2ba921"
dependencies = [
 "tinyvec",
]

[[package]]
name = "unicode-segmentation"
version = "1.10.1"
source = "registry+https://github.com/rust-lang/crates.io-index"
checksum = "1dd624098567895118886609431a7c3b8f516e41d30e0643f03d94592a147e36"

[[package]]
name = "unicode-xid"
version = "0.2.4"
source = "registry+https://github.com/rust-lang/crates.io-index"
checksum = "f962df74c8c05a667b5ee8bcf162993134c104e96440b663c8daa176dc772d8c"

[[package]]
name = "url"
version = "2.3.1"
source = "registry+https://github.com/rust-lang/crates.io-index"
checksum = "0d68c799ae75762b8c3fe375feb6600ef5602c883c5d21eb51c09f22b83c4643"
dependencies = [
 "form_urlencoded",
 "idna",
 "percent-encoding",
]

[[package]]
name = "version_check"
version = "0.9.4"
source = "registry+https://github.com/rust-lang/crates.io-index"
checksum = "49874b5167b65d7193b8aba1567f5c7d93d001cafc34600cee003eda787e483f"

[[package]]
name = "wasm-bpf-binding"
version = "0.1.0"

[[package]]
name = "wasm-encoder"
version = "0.24.0"
source = "registry+https://github.com/rust-lang/crates.io-index"
checksum = "704553b4d614a47080b4a457a976b3c16174b19ce95b931b847561b590dd09ba"
dependencies = [
 "leb128",
]

[[package]]
name = "wasm-metadata"
version = "0.2.0"
source = "registry+https://github.com/rust-lang/crates.io-index"
checksum = "459c9bd177f859c675baf7573905c4a1a1f63087ef8bb10e0a1c94dc167228d4"
dependencies = [
 "anyhow",
 "indexmap",
 "serde",
 "wasm-encoder",
 "wasmparser",
]

[[package]]
name = "wasmparser"
version = "0.101.0"
source = "registry+https://github.com/rust-lang/crates.io-index"
checksum = "9cc3222d9e47412382cc95e2f013c6a9f510bcff80af92de5665ae3ec1e4a2f6"
dependencies = [
 "indexmap",
 "url",
]

[[package]]
name = "wit-bindgen"
version = "0.3.0"
source = "git+https://github.com/bytecodealliance/wit-bindgen?rev=0fb4018#0fb4018ce72fa8dd1679e64d4125eb887fa9bf93"
dependencies = [
 "bitflags",
 "wit-bindgen-guest-rust-macro",
]

[[package]]
name = "wit-bindgen-core"
version = "0.3.0"
source = "git+https://github.com/bytecodealliance/wit-bindgen?rev=0fb4018#0fb4018ce72fa8dd1679e64d4125eb887fa9bf93"
dependencies = [
 "anyhow",
 "wit-component",
 "wit-parser",
]

[[package]]
name = "wit-bindgen-gen-guest-rust"
version = "0.3.0"
source = "git+https://github.com/bytecodealliance/wit-bindgen?rev=0fb4018#0fb4018ce72fa8dd1679e64d4125eb887fa9bf93"
dependencies = [
 "heck",
 "wasm-metadata",
 "wit-bindgen-core",
 "wit-bindgen-gen-rust-lib",
 "wit-component",
]

[[package]]
name = "wit-bindgen-gen-rust-lib"
version = "0.3.0"
source = "git+https://github.com/bytecodealliance/wit-bindgen?rev=0fb4018#0fb4018ce72fa8dd1679e64d4125eb887fa9bf93"
dependencies = [
 "heck",
 "wit-bindgen-core",
]

[[package]]
name = "wit-bindgen-guest-rust-macro"
version = "0.3.0"
source = "git+https://github.com/bytecodealliance/wit-bindgen?rev=0fb4018#0fb4018ce72fa8dd1679e64d4125eb887fa9bf93"
dependencies = [
 "anyhow",
 "proc-macro2",
 "syn",
 "wit-bindgen-core",
 "wit-bindgen-gen-guest-rust",
 "wit-component",
]

[[package]]
name = "wit-component"
version = "0.7.0"
source = "registry+https://github.com/rust-lang/crates.io-index"
checksum = "1d06e30f5e23df26d6a60061086b0b17687d458b29448cb329bcff9e425c6ea3"
dependencies = [
 "anyhow",
 "bitflags",
 "indexmap",
 "log",
 "url",
 "wasm-encoder",
 "wasm-metadata",
 "wasmparser",
 "wit-parser",
]

[[package]]
name = "wit-parser"
version = "0.6.1"
source = "registry+https://github.com/rust-lang/crates.io-index"
checksum = "a84965789410bf21087f5a352703142f77b9b4d1478764c3f33a1ea8c7101f40"
dependencies = [
 "anyhow",
 "id-arena",
 "indexmap",
 "log",
 "pulldown-cmark",
 "unicode-xid",
 "url",
]
